
Microsoft Visual Studio Solution File, Format Version 12.00
# Visual Studio 2012
Project("{FAE04EC0-301F-11D3-BF4B-00C04F79EFBC}") = "PubSync", "PubSync\PubSync.csproj", "{CFA2172D-7D48-4DA9-96A5-2B75D9A6CDE0}"
EndProject
Global
	GlobalSection(SolutionConfigurationPlatforms) = preSolution
		Debug|Any CPU = Debug|Any CPU
		Release|Any CPU = Release|Any CPU
	EndGlobalSection
	GlobalSection(ProjectConfigurationPlatforms) = postSolution
		{CFA2172D-7D48-4DA9-96A5-2B75D9A6CDE0}.Debug|Any CPU.ActiveCfg = Release|Any CPU
		{CFA2172D-7D48-4DA9-96A5-2B75D9A6CDE0}.Debug|Any CPU.Build.0 = Release|Any CPU
		{CFA2172D-7D48-4DA9-96A5-2B75D9A6CDE0}.Release|Any CPU.ActiveCfg = Release|Any CPU
		{CFA2172D-7D48-4DA9-96A5-2B75D9A6CDE0}.Release|Any CPU.Build.0 = Release|Any CPU
	EndGlobalSection
	GlobalSection(SolutionProperties) = preSolution
		HideSolutionNode = FALSE
	EndGlobalSection
	GlobalSection(ExtensibilityGlobals) = postSolution
		VisualSVNWorkingCopyRoot = .
	EndGlobalSection
EndGlobal
